// !$*UTF8*$!
{
	archiveVersion = 1;
	classes = {
	};
	objectVersion = 56;
	objects = {

/* Begin PBXBuildFile section */
		18B34C4B29E3E3DD00124C58 /* WCDBOperator.swift in Sources */ = {isa = PBXBuildFile; fileRef = 18B34C4A29E3E3DD00124C58 /* WCDBOperator.swift */; };
		55C3B27929DB293100095AD8 /* AppDelegate.swift in Sources */ = {isa = PBXBuildFile; fileRef = 55C3B27829DB293100095AD8 /* AppDelegate.swift */; };
		55C3B27B29DB293100095AD8 /* SceneDelegate.swift in Sources */ = {isa = PBXBuildFile; fileRef = 55C3B27A29DB293100095AD8 /* SceneDelegate.swift */; };
		55C3B27D29DB293100095AD8 /* ViewController.swift in Sources */ = {isa = PBXBuildFile; fileRef = 55C3B27C29DB293100095AD8 /* ViewController.swift */; };
		55C3B28029DB293100095AD8 /* Main.storyboard in Resources */ = {isa = PBXBuildFile; fileRef = 55C3B27E29DB293100095AD8 /* Main.storyboard */; };
		55C3B28229DB293300095AD8 /* Assets.xcassets in Resources */ = {isa = PBXBuildFile; fileRef = 55C3B28129DB293300095AD8 /* Assets.xcassets */; };
		55C3B28529DB293300095AD8 /* LaunchScreen.storyboard in Resources */ = {isa = PBXBuildFile; fileRef = 55C3B28329DB293300095AD8 /* LaunchScreen.storyboard */; };
		55C3B28D29DB2A8000095AD8 /* Sample.swift in Sources */ = {isa = PBXBuildFile; fileRef = 55C3B28C29DB2A8000095AD8 /* Sample.swift */; };
		60595FAE03F36C6BD5EE0BA0 /* Pods_wcdbDemo.framework in Frameworks */ = {isa = PBXBuildFile; fileRef = 9F565A29F422FBE3523654DC /* Pods_wcdbDemo.framework */; };
/* End PBXBuildFile section */

/* Begin PBXFileReference section */
		18B34C4A29E3E3DD00124C58 /* WCDBOperator.swift */ = {isa = PBXFileReference; lastKnownFileType = sourcecode.swift; path = WCDBOperator.swift; sourceTree = "<group>"; };
		3FB94773D5FB9EEDE0F7BD92 /* Pods-wcdbDemo.release.xcconfig */ = {isa = PBXFileReference; includeInIndex = 1; lastKnownFileType = text.xcconfig; name = "Pods-wcdbDemo.release.xcconfig"; path = "Target Support Files/Pods-wcdbDemo/Pods-wcdbDemo.release.xcconfig"; sourceTree = "<group>"; };
		55C3B27529DB293100095AD8 /* wcdbDemo.app */ = {isa = PBXFileReference; explicitFileType = wrapper.application; includeInIndex = 0; path = wcdbDemo.app; sourceTree = BUILT_PRODUCTS_DIR; };
		55C3B27829DB293100095AD8 /* AppDelegate.swift */ = {isa = PBXFileReference; lastKnownFileType = sourcecode.swift; path = AppDelegate.swift; sourceTree = "<group>"; };
		55C3B27A29DB293100095AD8 /* SceneDelegate.swift */ = {isa = PBXFileReference; lastKnownFileType = sourcecode.swift; path = SceneDelegate.swift; sourceTree = "<group>"; };
		55C3B27C29DB293100095AD8 /* ViewController.swift */ = {isa = PBXFileReference; lastKnownFileType = sourcecode.swift; path = ViewController.swift; sourceTree = "<group>"; };
		55C3B27F29DB293100095AD8 /* Base */ = {isa = PBXFileReference; lastKnownFileType = file.storyboard; name = Base; path = Base.lproj/Main.storyboard; sourceTree = "<group>"; };
		55C3B28129DB293300095AD8 /* Assets.xcassets */ = {isa = PBXFileReference; lastKnownFileType = folder.assetcatalog; path = Assets.xcassets; sourceTree = "<group>"; };
		55C3B28429DB293300095AD8 /* Base */ = {isa = PBXFileReference; lastKnownFileType = file.storyboard; name = Base; path = Base.lproj/LaunchScreen.storyboard; sourceTree = "<group>"; };
		55C3B28629DB293300095AD8 /* Info.plist */ = {isa = PBXFileReference; lastKnownFileType = text.plist.xml; path = Info.plist; sourceTree = "<group>"; };
		55C3B28C29DB2A8000095AD8 /* Sample.swift */ = {isa = PBXFileReference; lastKnownFileType = sourcecode.swift; path = Sample.swift; sourceTree = "<group>"; };
		881DBB40C75575292106B52E /* Pods-wcdbDemo.debug.xcconfig */ = {isa = PBXFileReference; includeInIndex = 1; lastKnownFileType = text.xcconfig; name = "Pods-wcdbDemo.debug.xcconfig"; path = "Target Support Files/Pods-wcdbDemo/Pods-wcdbDemo.debug.xcconfig"; sourceTree = "<group>"; };
		9F565A29F422FBE3523654DC /* Pods_wcdbDemo.framework */ = {isa = PBXFileReference; explicitFileType = wrapper.framework; includeInIndex = 0; path = Pods_wcdbDemo.framework; sourceTree = BUILT_PRODUCTS_DIR; };
/* End PBXFileReference section */

/* Begin PBXFrameworksBuildPhase section */
		55C3B27229DB293100095AD8 /* Frameworks */ = {
			isa = PBXFrameworksBuildPhase;
			buildActionMask = 2147483647;
			files = (
				60595FAE03F36C6BD5EE0BA0 /* Pods_wcdbDemo.framework in Frameworks */,
			);
			runOnlyForDeploymentPostprocessing = 0;
		};
/* End PBXFrameworksBuildPhase section */

/* Begin PBXGroup section */
		18B34C4529E3BD2700124C58 /* DB */ = {
			isa = PBXGroup;
			children = (
				55C3B28C29DB2A8000095AD8 /* Sample.swift */,
				18B34C4A29E3E3DD00124C58 /* WCDBOperator.swift */,
			);
			path = DB;
			sourceTree = "<group>";
		};
		31B896905A4762BCA0E60C67 /* Frameworks */ = {
			isa = PBXGroup;
			children = (
				9F565A29F422FBE3523654DC /* Pods_wcdbDemo.framework */,
			);
			name = Frameworks;
			sourceTree = "<group>";
		};
		55C3B26C29DB293000095AD8 = {
			isa = PBXGroup;
			children = (
				55C3B27729DB293100095AD8 /* wcdbDemo */,
				55C3B27629DB293100095AD8 /* Products */,
				63B2909FC931C68A307BE34D /* Pods */,
				31B896905A4762BCA0E60C67 /* Frameworks */,
			);
			sourceTree = "<group>";
		};
		55C3B27629DB293100095AD8 /* Products */ = {
			isa = PBXGroup;
			children = (
				55C3B27529DB293100095AD8 /* wcdbDemo.app */,
			);
			name = Products;
			sourceTree = "<group>";
		};
		55C3B27729DB293100095AD8 /* wcdbDemo */ = {
			isa = PBXGroup;
			children = (
				18B34C4529E3BD2700124C58 /* DB */,
				55C3B27829DB293100095AD8 /* AppDelegate.swift */,
				55C3B27A29DB293100095AD8 /* SceneDelegate.swift */,
				55C3B27C29DB293100095AD8 /* ViewController.swift */,
				55C3B27E29DB293100095AD8 /* Main.storyboard */,
				55C3B28129DB293300095AD8 /* Assets.xcassets */,
				55C3B28329DB293300095AD8 /* LaunchScreen.storyboard */,
				55C3B28629DB293300095AD8 /* Info.plist */,
			);
			path = wcdbDemo;
			sourceTree = "<group>";
		};
		63B2909FC931C68A307BE34D /* Pods */ = {
			isa = PBXGroup;
			children = (
				881DBB40C75575292106B52E /* Pods-wcdbDemo.debug.xcconfig */,
				3FB94773D5FB9EEDE0F7BD92 /* Pods-wcdbDemo.release.xcconfig */,
			);
			path = Pods;
			sourceTree = "<group>";
		};
/* End PBXGroup section */

/* Begin PBXNativeTarget section */
		55C3B27429DB293100095AD8 /* wcdbDemo */ = {
			isa = PBXNativeTarget;
			buildConfigurationList = 55C3B28929DB293300095AD8 /* Build configuration list for PBXNativeTarget "wcdbDemo" */;
			buildPhases = (
				4FF04785A8528A724B1F2F9A /* [CP] Check Pods Manifest.lock */,
				55C3B27129DB293100095AD8 /* Sources */,
				55C3B27229DB293100095AD8 /* Frameworks */,
				55C3B27329DB293100095AD8 /* Resources */,
				3DADE3CA2CFFC357BD04F050 /* [CP] Embed Pods Frameworks */,
			);
			buildRules = (
			);
			dependencies = (
			);
			name = wcdbDemo;
			productName = wcdbDemo;
			productReference = 55C3B27529DB293100095AD8 /* wcdbDemo.app */;
			productType = "com.apple.product-type.application";
		};
/* End PBXNativeTarget section */

/* Begin PBXProject section */
		55C3B26D29DB293000095AD8 /* Project object */ = {
			isa = PBXProject;
			attributes = {
				BuildIndependentTargetsInParallel = 1;
				LastSwiftUpdateCheck = 1420;
				LastUpgradeCheck = 1420;
				TargetAttributes = {
					55C3B27429DB293100095AD8 = {
						CreatedOnToolsVersion = 14.2;
					};
				};
			};
			buildConfigurationList = 55C3B27029DB293000095AD8 /* Build configuration list for PBXProject "wcdbDemo" */;
			compatibilityVersion = "Xcode 14.0";
			developmentRegion = en;
			hasScannedForEncodings = 0;
			knownRegions = (
				en,
				Base,
			);
			mainGroup = 55C3B26C29DB293000095AD8;
			productRefGroup = 55C3B27629DB293100095AD8 /* Products */;
			projectDirPath = "";
			projectRoot = "";
			targets = (
				55C3B27429DB293100095AD8 /* wcdbDemo */,
			);
		};
/* End PBXProject section */

/* Begin PBXResourcesBuildPhase section */
		55C3B27329DB293100095AD8 /* Resources */ = {
			isa = PBXResourcesBuildPhase;
			buildActionMask = 2147483647;
			files = (
				55C3B28529DB293300095AD8 /* LaunchScreen.storyboard in Resources */,
				55C3B28229DB293300095AD8 /* Assets.xcassets in Resources */,
				55C3B28029DB293100095AD8 /* Main.storyboard in Resources */,
			);
			runOnlyForDeploymentPostprocessing = 0;
		};
/* End PBXResourcesBuildPhase section */

/* Begin PBXShellScriptBuildPhase section */
		3DADE3CA2CFFC357BD04F050 /* [CP] Embed Pods Frameworks */ = {
			isa = PBXShellScriptBuildPhase;
			buildActionMask = 2147483647;
			files = (
			);
			inputFileListPaths = (
				"${PODS_ROOT}/Target Support Files/Pods-wcdbDemo/Pods-wcdbDemo-frameworks-${CONFIGURATION}-input-files.xcfilelist",
			);
			name = "[CP] Embed Pods Frameworks";
			outputFileListPaths = (
				"${PODS_ROOT}/Target Support Files/Pods-wcdbDemo/Pods-wcdbDemo-frameworks-${CONFIGURATION}-output-files.xcfilelist",
			);
			runOnlyForDeploymentPostprocessing = 0;
			shellPath = /bin/sh;
			shellScript = "\"${PODS_ROOT}/Target Support Files/Pods-wcdbDemo/Pods-wcdbDemo-frameworks.sh\"\n";
			showEnvVarsInLog = 0;
		};
		4FF04785A8528A724B1F2F9A /* [CP] Check Pods Manifest.lock */ = {
			isa = PBXShellScriptBuildPhase;
			buildActionMask = 2147483647;
			files = (
			);
			inputFileListPaths = (
			);
			inputPaths = (
				"${PODS_PODFILE_DIR_PATH}/Podfile.lock",
				"${PODS_ROOT}/Manifest.lock",
			);
			name = "[CP] Check Pods Manifest.lock";
			outputFileListPaths = (
			);
			outputPaths = (
				"$(DERIVED_FILE_DIR)/Pods-wcdbDemo-checkManifestLockResult.txt",
			);
			runOnlyForDeploymentPostprocessing = 0;
			shellPath = /bin/sh;
			shellScript = "diff \"${PODS_PODFILE_DIR_PATH}/Podfile.lock\" \"${PODS_ROOT}/Manifest.lock\" > /dev/null\nif [ $? != 0 ] ; then\n    # print error to STDERR\n    echo \"error: The sandbox is not in sync with the Podfile.lock. Run 'pod install' or update your CocoaPods installation.\" >&2\n    exit 1\nfi\n# This output is used by Xcode 'outputs' to avoid re-running this script phase.\necho \"SUCCESS\" > \"${SCRIPT_OUTPUT_FILE_0}\"\n";
			showEnvVarsInLog = 0;
		};
/* End PBXShellScriptBuildPhase section */

/* Begin PBXSourcesBuildPhase section */
		55C3B27129DB293100095AD8 /* Sources */ = {
			isa = PBXSourcesBuildPhase;
			buildActionMask = 2147483647;
			files = (
				18B34C4B29E3E3DD00124C58 /* WCDBOperator.swift in Sources */,
				55C3B27D29DB293100095AD8 /* ViewController.swift in Sources */,
				55C3B28D29DB2A8000095AD8 /* Sample.swift in Sources */,
				55C3B27929DB293100095AD8 /* AppDelegate.swift in Sources */,
				55C3B27B29DB293100095AD8 /* SceneDelegate.swift in Sources */,
			);
			runOnlyForDeploymentPostprocessing = 0;
		};
/* End PBXSourcesBuildPhase section */

/* Begin PBXVariantGroup section */
		55C3B27E29DB293100095AD8 /* Main.storyboard */ = {
			isa = PBXVariantGroup;
			children = (
				55C3B27F29DB293100095AD8 /* Base */,
			);
			name = Main.storyboard;
			sourceTree = "<group>";
		};
		55C3B28329DB293300095AD8 /* LaunchScreen.storyboard */ = {
			isa = PBXVariantGroup;
			children = (
				55C3B28429DB293300095AD8 /* Base */,
			);
			name = LaunchScreen.storyboard;
			sourceTree = "<group>";
		};
/* End PBXVariantGroup section */

/* Begin XCBuildConfiguration section */
		55C3B28729DB293300095AD8 /* Debug */ = {
			isa = XCBuildConfiguration;
			buildSettings = {
				ALWAYS_SEARCH_USER_PATHS = NO;
				CLANG_ANALYZER_NONNULL = YES;
				CLANG_ANALYZER_NUMBER_OBJECT_CONVERSION = YES_AGGRESSIVE;
				CLANG_CXX_LANGUAGE_STANDARD = "gnu++20";
				CLANG_ENABLE_MODULES = YES;
				CLANG_ENABLE_OBJC_ARC = YES;
				CLANG_ENABLE_OBJC_WEAK = YES;
				CLANG_WARN_BLOCK_CAPTURE_AUTORELEASING = YES;
				CLANG_WARN_BOOL_CONVERSION = YES;
				CLANG_WARN_COMMA = YES;
				CLANG_WARN_CONSTANT_CONVERSION = YES;
				CLANG_WARN_DEPRECATED_OBJC_IMPLEMENTATIONS = YES;
				CLANG_WARN_DIRECT_OBJC_ISA_USAGE = YES_ERROR;
				CLANG_WARN_DOCUMENTATION_COMMENTS = YES;
				CLANG_WARN_EMPTY_BODY = YES;
				CLANG_WARN_ENUM_CONVERSION = YES;
				CLANG_WARN_INFINITE_RECURSION = YES;
				CLANG_WARN_INT_CONVERSION = YES;
				CLANG_WARN_NON_LITERAL_NULL_CONVERSION = YES;
				CLANG_WARN_OBJC_IMPLICIT_RETAIN_SELF = YES;
				CLANG_WARN_OBJC_LITERAL_CONVERSION = YES;
				CLANG_WARN_OBJC_ROOT_CLASS = YES_ERROR;
				CLANG_WARN_QUOTED_INCLUDE_IN_FRAMEWORK_HEADER = YES;
				CLANG_WARN_RANGE_LOOP_ANALYSIS = YES;
				CLANG_WARN_STRICT_PROTOTYPES = YES;
				CLANG_WARN_SUSPICIOUS_MOVE = YES;
				CLANG_WARN_UNGUARDED_AVAILABILITY = YES_AGGRESSIVE;
				CLANG_WARN_UNREACHABLE_CODE = YES;
				CLANG_WARN__DUPLICATE_METHOD_MATCH = YES;
				COPY_PHASE_STRIP = NO;
				DEBUG_INFORMATION_FORMAT = dwarf;
				ENABLE_STRICT_OBJC_MSGSEND = YES;
				ENABLE_TESTABILITY = YES;
				GCC_C_LANGUAGE_STANDARD = gnu11;
				GCC_DYNAMIC_NO_PIC = NO;
				GCC_NO_COMMON_BLOCKS = YES;
				GCC_OPTIMIZATION_LEVEL = 0;
				GCC_PREPROCESSOR_DEFINITIONS = (
					"DEBUG=1",
					"$(inherited)",
				);
				GCC_WARN_64_TO_32_BIT_CONVERSION = YES;
				GCC_WARN_ABOUT_RETURN_TYPE = YES_ERROR;
				GCC_WARN_UNDECLARED_SELECTOR = YES;
				GCC_WARN_UNINITIALIZED_AUTOS = YES_AGGRESSIVE;
				GCC_WARN_UNUSED_FUNCTION = YES;
				GCC_WARN_UNUSED_VARIABLE = YES;
				IPHONEOS_DEPLOYMENT_TARGET = 16.2;
				MTL_ENABLE_DEBUG_INFO = INCLUDE_SOURCE;
				MTL_FAST_MATH = YES;
				ONLY_ACTIVE_ARCH = YES;
				SDKROOT = iphoneos;
				SWIFT_ACTIVE_COMPILATION_CONDITIONS = DEBUG;
				SWIFT_OPTIMIZATION_LEVEL = "-Onone";
			};
			name = Debug;
		};
		55C3B28829DB293300095AD8 /* Release */ = {
			isa = XCBuildConfiguration;
			buildSettings = {
				ALWAYS_SEARCH_USER_PATHS = NO;
				CLANG_ANALYZER_NONNULL = YES;
				CLANG_ANALYZER_NUMBER_OBJECT_CONVERSION = YES_AGGRESSIVE;
				CLANG_CXX_LANGUAGE_STANDARD = "gnu++20";
				CLANG_ENABLE_MODULES = YES;
				CLANG_ENABLE_OBJC_ARC = YES;
				CLANG_ENABLE_OBJC_WEAK = YES;
				CLANG_WARN_BLOCK_CAPTURE_AUTORELEASING = YES;
				CLANG_WARN_BOOL_CONVERSION = YES;
				CLANG_WARN_COMMA = YES;
				CLANG_WARN_CONSTANT_CONVERSION = YES;
				CLANG_WARN_DEPRECATED_OBJC_IMPLEMENTATIONS = YES;
				CLANG_WARN_DIRECT_OBJC_ISA_USAGE = YES_ERROR;
				CLANG_WARN_DOCUMENTATION_COMMENTS = YES;
				CLANG_WARN_EMPTY_BODY = YES;
				CLANG_WARN_ENUM_CONVERSION = YES;
				CLANG_WARN_INFINITE_RECURSION = YES;
				CLANG_WARN_INT_CONVERSION = YES;
				CLANG_WARN_NON_LITERAL_NULL_CONVERSION = YES;
				CLANG_WARN_OBJC_IMPLICIT_RETAIN_SELF = YES;
				CLANG_WARN_OBJC_LITERAL_CONVERSION = YES;
				CLANG_WARN_OBJC_ROOT_CLASS = YES_ERROR;
				CLANG_WARN_QUOTED_INCLUDE_IN_FRAMEWORK_HEADER = YES;
				CLANG_WARN_RANGE_LOOP_ANALYSIS = YES;
				CLANG_WARN_STRICT_PROTOTYPES = YES;
				CLANG_WARN_SUSPICIOUS_MOVE = YES;
				CLANG_WARN_UNGUARDED_AVAILABILITY = YES_AGGRESSIVE;
				CLANG_WARN_UNREACHABLE_CODE = YES;
				CLANG_WARN__DUPLICATE_METHOD_MATCH = YES;
				COPY_PHASE_STRIP = NO;
				DEBUG_INFORMATION_FORMAT = "dwarf-with-dsym";
				ENABLE_NS_ASSERTIONS = NO;
				ENABLE_STRICT_OBJC_MSGSEND = YES;
				GCC_C_LANGUAGE_STANDARD = gnu11;
				GCC_NO_COMMON_BLOCKS = YES;
				GCC_WARN_64_TO_32_BIT_CONVERSION = YES;
				GCC_WARN_ABOUT_RETURN_TYPE = YES_ERROR;
				GCC_WARN_UNDECLARED_SELECTOR = YES;
				GCC_WARN_UNINITIALIZED_AUTOS = YES_AGGRESSIVE;
				GCC_WARN_UNUSED_FUNCTION = YES;
				GCC_WARN_UNUSED_VARIABLE = YES;
				IPHONEOS_DEPLOYMENT_TARGET = 16.2;
				MTL_ENABLE_DEBUG_INFO = NO;
				MTL_FAST_MATH = YES;
				SDKROOT = iphoneos;
				SWIFT_COMPILATION_MODE = wholemodule;
				SWIFT_OPTIMIZATION_LEVEL = "-O";
				VALIDATE_PRODUCT = YES;
			};
			name = Release;
		};
		55C3B28A29DB293300095AD8 /* Debug */ = {
			isa = XCBuildConfiguration;
			baseConfigurationReference = 881DBB40C75575292106B52E /* Pods-wcdbDemo.debug.xcconfig */;
			buildSettings = {
				ASSETCATALOG_COMPILER_APPICON_NAME = AppIcon;
				ASSETCATALOG_COMPILER_GLOBAL_ACCENT_COLOR_NAME = AccentColor;
				"CODE_SIGN_IDENTITY[sdk=iphoneos*]" = "iPhone Developer";
				CODE_SIGN_STYLE = Manual;
				CURRENT_PROJECT_VERSION = 1;
				DEVELOPMENT_TEAM = "";
				"DEVELOPMENT_TEAM[sdk=iphoneos*]" = X94Z28FLGK;
				GENERATE_INFOPLIST_FILE = YES;
				INFOPLIST_FILE = wcdbDemo/Info.plist;
				INFOPLIST_KEY_UIApplicationSupportsIndirectInputEvents = YES;
				INFOPLIST_KEY_UILaunchStoryboardName = LaunchScreen;
				INFOPLIST_KEY_UIMainStoryboardFile = Main;
				INFOPLIST_KEY_UISupportedInterfaceOrientations_iPad = "UIInterfaceOrientationPortrait UIInterfaceOrientationPortraitUpsideDown UIInterfaceOrientationLandscapeLeft UIInterfaceOrientationLandscapeRight";
				INFOPLIST_KEY_UISupportedInterfaceOrientations_iPhone = "UIInterfaceOrientationPortrait UIInterfaceOrientationLandscapeLeft UIInterfaceOrientationLandscapeRight";
				IPHONEOS_DEPLOYMENT_TARGET = 13.0;
				LD_RUNPATH_SEARCH_PATHS = (
					"$(inherited)",
					"@executable_path/Frameworks",
				);
				MARKETING_VERSION = 1.0;
				PRODUCT_BUNDLE_IDENTIFIER = com.heyooh.qdyy1;
				PRODUCT_NAME = "$(TARGET_NAME)";
				PROVISIONING_PROFILE_SPECIFIER = "";
				"PROVISIONING_PROFILE_SPECIFIER[sdk=iphoneos*]" = dev_qdyy1;
				SWIFT_EMIT_LOC_STRINGS = YES;
				SWIFT_VERSION = 5.0;
				TARGETED_DEVICE_FAMILY = "1,2";
			};
			name = Debug;
		};
		55C3B28B29DB293300095AD8 /* Release */ = {
			isa = XCBuildConfiguration;
			baseConfigurationReference = 3FB94773D5FB9EEDE0F7BD92 /* Pods-wcdbDemo.release.xcconfig */;
			buildSettings = {
				ASSETCATALOG_COMPILER_APPICON_NAME = AppIcon;
				ASSETCATALOG_COMPILER_GLOBAL_ACCENT_COLOR_NAME = AccentColor;
				CODE_SIGN_STYLE = Manual;
				CURRENT_PROJECT_VERSION = 1;
				DEVELOPMENT_TEAM = "";
				GENERATE_INFOPLIST_FILE = YES;
				INFOPLIST_FILE = wcdbDemo/Info.plist;
				INFOPLIST_KEY_UIApplicationSupportsIndirectInputEvents = YES;
				INFOPLIST_KEY_UILaunchStoryboardName = LaunchScreen;
				INFOPLIST_KEY_UIMainStoryboardFile = Main;
				INFOPLIST_KEY_UISupportedInterfaceOrientations_iPad = "UIInterfaceOrientationPortrait UIInterfaceOrientationPortraitUpsideDown UIInterfaceOrientationLandscapeLeft UIInterfaceOrientationLandscapeRight";
				INFOPLIST_KEY_UISupportedInterfaceOrientations_iPhone = "UIInterfaceOrientationPortrait UIInterfaceOrientationLandscapeLeft UIInterfaceOrientationLandscapeRight";
				IPHONEOS_DEPLOYMENT_TARGET = 13.0;
				LD_RUNPATH_SEARCH_PATHS = (
					"$(inherited)",
					"@executable_path/Frameworks",
				);
				MARKETING_VERSION = 1.0;
				PRODUCT_BUNDLE_IDENTIFIER = com.heyooh.qdyy1;
				PRODUCT_NAME = "$(TARGET_NAME)";
				PROVISIONING_PROFILE_SPECIFIER = "";
				SWIFT_EMIT_LOC_STRINGS = YES;
				SWIFT_VERSION = 5.0;
				TARGETED_DEVICE_FAMILY = "1,2";
			};
			name = Release;
		};
/* End XCBuildConfiguration section */

/* Begin XCConfigurationList section */
		55C3B27029DB293000095AD8 /* Build configuration list for PBXProject "wcdbDemo" */ = {
			isa = XCConfigurationList;
			buildConfigurations = (
				55C3B28729DB293300095AD8 /* Debug */,
				55C3B28829DB293300095AD8 /* Release */,
			);
			defaultConfigurationIsVisible = 0;
			defaultConfigurationName = Release;
		};
		55C3B28929DB293300095AD8 /* Build configuration list for PBXNativeTarget "wcdbDemo" */ = {
			isa = XCConfigurationList;
			buildConfigurations = (
				55C3B28A29DB293300095AD8 /* Debug */,
				55C3B28B29DB293300095AD8 /* Release */,
			);
			defaultConfigurationIsVisible = 0;
			defaultConfigurationName = Release;
		};
/* End XCConfigurationList section */
	};
	rootObject = 55C3B26D29DB293000095AD8 /* Project object */;
}
