PODS:
  - WCDB.swift (2.0.0):
    - WCDB.swift/no-arc (= 2.0.0)
    - WCDBOptimizedSQLCipher (~> 1.4.0)
  - WCDB.swift/no-arc (2.0.0):
    - WCDBOptimizedSQLCipher (~> 1.4.0)
  - WCDBOptimizedSQLCipher (1.4.0)

DEPENDENCIES:
  - WCDB.swift (= 2.0.0)

SPEC REPOS:
  trunk:
    - WCDB.swift
    - WCDBOptimizedSQLCipher

SPEC CHECKSUMS:
  WCDB.swift: 1532be19a7e8baa62aad26fbc1b568173462c646
  WCDBOptimizedSQLCipher: 55124a19f70180eb38163c959dd56695b8af8b60

PODFILE CHECKSUM: cbc0704049e76a65216ca0fb43e1f13012ad956c

COCOAPODS: 1.12.0
